
Microsoft Visual Studio Solution File, Format Version 12.00
# Visual Studio 14
VisualStudioVersion = 14.0.24720.0
MinimumVisualStudioVersion = 10.0.40219.1
Project("{FAE04EC0-301F-11D3-BF4B-00C04F79EFBC}") = "week4_yellow_image_border", "week_4\week4_yellow_image_border.csproj", "{82714BE3-4B1A-4FC3-A6B7-EADF7040444E}"
EndProject
Project("{FAE04EC0-301F-11D3-BF4B-00C04F79EFBC}") = "week5_draw_on_video_frames", "week5_draw_on_video_frames\week5_draw_on_video_frames.csproj", "{4250E3E1-0359-4600-ACC9-1AEACB5F1562}"
EndProject
Global
	GlobalSection(SolutionConfigurationPlatforms) = preSolution
		Debug|Any CPU = Debug|Any CPU
		Release|Any CPU = Release|Any CPU
	EndGlobalSection
	GlobalSection(ProjectConfigurationPlatforms) = postSolution
		{82714BE3-4B1A-4FC3-A6B7-EADF7040444E}.Debug|Any CPU.ActiveCfg = Debug|Any CPU
		{82714BE3-4B1A-4FC3-A6B7-EADF7040444E}.Debug|Any CPU.Build.0 = Debug|Any CPU
		{82714BE3-4B1A-4FC3-A6B7-EADF7040444E}.Release|Any CPU.ActiveCfg = Release|Any CPU
		{82714BE3-4B1A-4FC3-A6B7-EADF7040444E}.Release|Any CPU.Build.0 = Release|Any CPU
		{4250E3E1-0359-4600-ACC9-1AEACB5F1562}.Debug|Any CPU.ActiveCfg = Debug|Any CPU
		{4250E3E1-0359-4600-ACC9-1AEACB5F1562}.Debug|Any CPU.Build.0 = Debug|Any CPU
		{4250E3E1-0359-4600-ACC9-1AEACB5F1562}.Release|Any CPU.ActiveCfg = Release|Any CPU
		{4250E3E1-0359-4600-ACC9-1AEACB5F1562}.Release|Any CPU.Build.0 = Release|Any CPU
	EndGlobalSection
	GlobalSection(SolutionProperties) = preSolution
		HideSolutionNode = FALSE
	EndGlobalSection
EndGlobal
