
Microsoft Visual Studio Solution File, Format Version 12.00
# Visual Studio 14
VisualStudioVersion = 14.0.25420.1
MinimumVisualStudioVersion = 10.0.40219.1
Project("{FAE04EC0-301F-11D3-BF4B-00C04F79EFBC}") = "week4_yellow_image_border", "week_4\week4_yellow_image_border.csproj", "{82714BE3-4B1A-4FC3-A6B7-EADF7040444E}"
EndProject
Project("{FAE04EC0-301F-11D3-BF4B-00C04F79EFBC}") = "week5_draw_on_video_frames", "week5_draw_on_video_frames\week5_draw_on_video_frames.csproj", "{4250E3E1-0359-4600-ACC9-1AEACB5F1562}"
EndProject
Project("{FAE04EC0-301F-11D3-BF4B-00C04F79EFBC}") = "week6_red_spot_counter", "week6_red_spot_counter\week6_red_spot_counter.csproj", "{6A5D024C-A36C-46AF-8933-3BEAA77CB988}"
EndProject
Project("{FAE04EC0-301F-11D3-BF4B-00C04F79EFBC}") = "week7_moving_object_detection", "week7_moving_object_tracking\week7_moving_object_detection.csproj", "{EDA1207F-2AA7-4C9E-9466-6DDAC7EEC2AD}"
EndProject
Project("{FAE04EC0-301F-11D3-BF4B-00C04F79EFBC}") = "week8_edge_detection", "week8_edge_detection\week8_edge_detection.csproj", "{A7F698EC-46B6-4732-8F47-CD564CC57BD2}"
EndProject
Global
	GlobalSection(SolutionConfigurationPlatforms) = preSolution
		Debug|Any CPU = Debug|Any CPU
		Release|Any CPU = Release|Any CPU
	EndGlobalSection
	GlobalSection(ProjectConfigurationPlatforms) = postSolution
		{82714BE3-4B1A-4FC3-A6B7-EADF7040444E}.Debug|Any CPU.ActiveCfg = Debug|Any CPU
		{82714BE3-4B1A-4FC3-A6B7-EADF7040444E}.Debug|Any CPU.Build.0 = Debug|Any CPU
		{82714BE3-4B1A-4FC3-A6B7-EADF7040444E}.Release|Any CPU.ActiveCfg = Release|Any CPU
		{82714BE3-4B1A-4FC3-A6B7-EADF7040444E}.Release|Any CPU.Build.0 = Release|Any CPU
		{4250E3E1-0359-4600-ACC9-1AEACB5F1562}.Debug|Any CPU.ActiveCfg = Debug|Any CPU
		{4250E3E1-0359-4600-ACC9-1AEACB5F1562}.Debug|Any CPU.Build.0 = Debug|Any CPU
		{4250E3E1-0359-4600-ACC9-1AEACB5F1562}.Release|Any CPU.ActiveCfg = Release|Any CPU
		{4250E3E1-0359-4600-ACC9-1AEACB5F1562}.Release|Any CPU.Build.0 = Release|Any CPU
		{6A5D024C-A36C-46AF-8933-3BEAA77CB988}.Debug|Any CPU.ActiveCfg = Debug|Any CPU
		{6A5D024C-A36C-46AF-8933-3BEAA77CB988}.Debug|Any CPU.Build.0 = Debug|Any CPU
		{6A5D024C-A36C-46AF-8933-3BEAA77CB988}.Release|Any CPU.ActiveCfg = Release|Any CPU
		{6A5D024C-A36C-46AF-8933-3BEAA77CB988}.Release|Any CPU.Build.0 = Release|Any CPU
		{EDA1207F-2AA7-4C9E-9466-6DDAC7EEC2AD}.Debug|Any CPU.ActiveCfg = Debug|Any CPU
		{EDA1207F-2AA7-4C9E-9466-6DDAC7EEC2AD}.Debug|Any CPU.Build.0 = Debug|Any CPU
		{EDA1207F-2AA7-4C9E-9466-6DDAC7EEC2AD}.Release|Any CPU.ActiveCfg = Release|Any CPU
		{EDA1207F-2AA7-4C9E-9466-6DDAC7EEC2AD}.Release|Any CPU.Build.0 = Release|Any CPU
		{A7F698EC-46B6-4732-8F47-CD564CC57BD2}.Debug|Any CPU.ActiveCfg = Debug|Any CPU
		{A7F698EC-46B6-4732-8F47-CD564CC57BD2}.Debug|Any CPU.Build.0 = Debug|Any CPU
		{A7F698EC-46B6-4732-8F47-CD564CC57BD2}.Release|Any CPU.ActiveCfg = Release|Any CPU
		{A7F698EC-46B6-4732-8F47-CD564CC57BD2}.Release|Any CPU.Build.0 = Release|Any CPU
	EndGlobalSection
	GlobalSection(SolutionProperties) = preSolution
		HideSolutionNode = FALSE
	EndGlobalSection
EndGlobal
