
Microsoft Visual Studio Solution File, Format Version 12.00
# Visual Studio 14
VisualStudioVersion = 14.0.24720.0
MinimumVisualStudioVersion = 10.0.40219.1
Project("{FAE04EC0-301F-11D3-BF4B-00C04F79EFBC}") = "HF_3", "HF_3\HF_3.csproj", "{ABD6DBEB-21BC-4A49-A1D1-5C49E7E60F5C}"
EndProject
Global
	GlobalSection(SolutionConfigurationPlatforms) = preSolution
		Debug|Any CPU = Debug|Any CPU
		Release|Any CPU = Release|Any CPU
	EndGlobalSection
	GlobalSection(ProjectConfigurationPlatforms) = postSolution
		{ABD6DBEB-21BC-4A49-A1D1-5C49E7E60F5C}.Debug|Any CPU.ActiveCfg = Debug|Any CPU
		{ABD6DBEB-21BC-4A49-A1D1-5C49E7E60F5C}.Debug|Any CPU.Build.0 = Debug|Any CPU
		{ABD6DBEB-21BC-4A49-A1D1-5C49E7E60F5C}.Release|Any CPU.ActiveCfg = Release|Any CPU
		{ABD6DBEB-21BC-4A49-A1D1-5C49E7E60F5C}.Release|Any CPU.Build.0 = Release|Any CPU
	EndGlobalSection
	GlobalSection(SolutionProperties) = preSolution
		HideSolutionNode = FALSE
	EndGlobalSection
EndGlobal
